{
  "R": {
    "Version": "4.4.1",
    "Repositories": [
      {
        "Name": "CRAN",
        "URL": "https://cran.rstudio.com"
      }
    ]
  },
  "Packages": {
    "fs": {
      "Package": "fs",
      "Version": "1.6.4",
      "Source": "Repository",
      "Repository": "RSPM",
      "RemoteType": "standard",
      "RemotePkgRef": "fs",
      "RemoteRef": "fs",
      "RemoteRepos": "https://packagemanager.posit.co/cran/latest",
      "RemoteReposName": "P3M",
      "RemotePkgPlatform": "aarch64-apple-darwin20",
      "RemoteSha": "1.6.4",
      "Hash": "15aeb8c27f5ea5161f9f6a641fafd93a",
      "Requirements": []
    },
    "glue": {
      "Package": "glue",
      "Version": "1.7.0",
      "Source": "Repository",
      "Repository": "RSPM",
      "RemoteType": "standard",
      "RemotePkgRef": "glue",
      "RemoteRef": "glue",
      "RemoteRepos": "https://packagemanager.posit.co/cran/latest",
      "RemoteReposName": "P3M",
      "RemotePkgPlatform": "aarch64-apple-darwin20",
      "RemoteSha": "1.7.0",
      "Hash": "e0b3a53876554bd45879e596cdb10a52",
      "Requirements": []
    },
    "renv": {
      "Package": "renv",
      "Version": "1.0.7",
      "OS_type": NA,
      "Repository": "CRAN",
      "Source": "Repository",
      "Requirements": []
    }
  }
}
